
Microsoft Visual Studio Solution File, Format Version 12.00
# Visual Studio Version 17
VisualStudioVersion = 17.5.33627.172
MinimumVisualStudioVersion = 10.0.40219.1
Project("{FAE04EC0-301F-11D3-BF4B-00C04F79EFBC}") = "FootBall-team-app", "FootBall-team-app\FootBall-team-app.csproj", "{6C4B6FAA-DFE1-436B-9209-9DC25E7EF3EC}"
EndProject
Global
	GlobalSection(SolutionConfigurationPlatforms) = preSolution
		Debug|Any CPU = Debug|Any CPU
		Release|Any CPU = Release|Any CPU
	EndGlobalSection
	GlobalSection(ProjectConfigurationPlatforms) = postSolution
		{6C4B6FAA-DFE1-436B-9209-9DC25E7EF3EC}.Debug|Any CPU.ActiveCfg = Debug|Any CPU
		{6C4B6FAA-DFE1-436B-9209-9DC25E7EF3EC}.Debug|Any CPU.Build.0 = Debug|Any CPU
		{6C4B6FAA-DFE1-436B-9209-9DC25E7EF3EC}.Release|Any CPU.ActiveCfg = Release|Any CPU
		{6C4B6FAA-DFE1-436B-9209-9DC25E7EF3EC}.Release|Any CPU.Build.0 = Release|Any CPU
	EndGlobalSection
	GlobalSection(SolutionProperties) = preSolution
		HideSolutionNode = FALSE
	EndGlobalSection
	GlobalSection(ExtensibilityGlobals) = postSolution
		SolutionGuid = {8D7E4096-B8AB-45BA-A0C6-F945D5A9C4EE}
	EndGlobalSection
EndGlobal
